{
  "name": "swift-public-assets",
  "lockfileVersion": 3,
  "requires": true,
  "packages": {
    "": {
      "name": "swift-public-assets",
      "dependencies": {
        "ccapture.js": "2.0.0",
        "three": "0.186.0"
      }
    },
    "node_modules/ccapture.js": {
      "version": "2.0.0",
      "resolved": "https://registry.npmjs.org/ccapture.js/-/ccapture.js-2.0.0.tgz",
      "integrity": "sha512-6cKIIcK8TIX6uKffk6ItOwsmOnvp5Wx6YXKK6QYWUJFts2OTcLm66feEP6tOclosUE3MicjHz/cG4GbuUWgK2w==",
      "license": "MIT"
    },
    "node_modules/three": {
      "version": "0.186.0",
      "resolved": "https://registry.npmjs.org/three/-/three-0.186.0.tgz",
      "integrity": "sha512-cr/fIM2ddMSVbYVgkfD4jLJv7Fh/8ZTjvo+7gQeSVGUZHxpx9FDwoL5iC7hUz/LiRA8wMbqfnb90xKfm1/HHkQ==",
      "license": "MIT"
    }
  }
}
